// !$*UTF8*$!
{
	archiveVersion = 1;
	classes = {
	};
	objectVersion = 48;
	objects = {

/* Begin PBXBuildFile section */
		113DF2E84030C33E63BED9EE /* Pods_SpeakingTimerTests.framework in Frameworks */ = {isa = PBXBuildFile; fileRef = A006048AD3C3317AF175CE26 /* Pods_SpeakingTimerTests.framework */; };
		4C30DBD82061205D00D6DB63 /* AudioHelper.swift in Sources */ = {isa = PBXBuildFile; fileRef = 4C30DBD72061205D00D6DB63 /* AudioHelper.swift */; };
		4C30DBDA2061320200D6DB63 /* AudioToolbox.framework in Frameworks */ = {isa = PBXBuildFile; fileRef = 4C30DBD92061320200D6DB63 /* AudioToolbox.framework */; };
		4C30DBDF20613A2F00D6DB63 /* TimeConversorHelper.swift in Sources */ = {isa = PBXBuildFile; fileRef = 4C30DBDE20613A2F00D6DB63 /* TimeConversorHelper.swift */; };
		4C30DBE32062604F00D6DB63 /* AVFoundation.framework in Frameworks */ = {isa = PBXBuildFile; fileRef = 4C30DBE22062604F00D6DB63 /* AVFoundation.framework */; };
		4C30DBE52062625900D6DB63 /* SpeechHelper.swift in Sources */ = {isa = PBXBuildFile; fileRef = 4C30DBE42062625900D6DB63 /* SpeechHelper.swift */; };
		4C30DBE72062C55E00D6DB63 /* BackgroundTask.swift in Sources */ = {isa = PBXBuildFile; fileRef = 4C30DBE62062C55E00D6DB63 /* BackgroundTask.swift */; };
		4C30DC3D2063A5C900D6DB63 /* StartTimerInterfaceController.swift in Sources */ = {isa = PBXBuildFile; fileRef = 4C30DC3C2063A5C900D6DB63 /* StartTimerInterfaceController.swift */; };
		4C30DC3F2063A89C00D6DB63 /* RunningTimerInterfaceController.swift in Sources */ = {isa = PBXBuildFile; fileRef = 4C30DC3E2063A89C00D6DB63 /* RunningTimerInterfaceController.swift */; };
		4C30DC412063B52000D6DB63 /* SpeechHelper.swift in Sources */ = {isa = PBXBuildFile; fileRef = 4C30DBE42062625900D6DB63 /* SpeechHelper.swift */; };
		4C30DC422063B52500D6DB63 /* TimeConversorHelper.swift in Sources */ = {isa = PBXBuildFile; fileRef = 4C30DBDE20613A2F00D6DB63 /* TimeConversorHelper.swift */; };
		4C30DC492063C54D00D6DB63 /* AudioWatchHelper.swift in Sources */ = {isa = PBXBuildFile; fileRef = 4C30DC482063C54D00D6DB63 /* AudioWatchHelper.swift */; };
		4C60D804205FB60300659F85 /* AppDelegate.swift in Sources */ = {isa = PBXBuildFile; fileRef = 4C60D803205FB60300659F85 /* AppDelegate.swift */; };
		4C60D806205FB60300659F85 /* StartTimerViewController.swift in Sources */ = {isa = PBXBuildFile; fileRef = 4C60D805205FB60300659F85 /* StartTimerViewController.swift */; };
		4C60D809205FB60300659F85 /* Main.storyboard in Resources */ = {isa = PBXBuildFile; fileRef = 4C60D807205FB60300659F85 /* Main.storyboard */; };
		4C60D80B205FB60300659F85 /* Assets.xcassets in Resources */ = {isa = PBXBuildFile; fileRef = 4C60D80A205FB60300659F85 /* Assets.xcassets */; };
		4C60D80E205FB60300659F85 /* LaunchScreen.storyboard in Resources */ = {isa = PBXBuildFile; fileRef = 4C60D80C205FB60300659F85 /* LaunchScreen.storyboard */; };
		4C60D819205FB60300659F85 /* SpeakingTimerTests.swift in Sources */ = {isa = PBXBuildFile; fileRef = 4C60D818205FB60300659F85 /* SpeakingTimerTests.swift */; };
		4C60D824205FB60300659F85 /* SpeakingTimerUITests.swift in Sources */ = {isa = PBXBuildFile; fileRef = 4C60D823205FB60300659F85 /* SpeakingTimerUITests.swift */; };
		4C60D837205FB6C900659F85 /* Interface.storyboard in Resources */ = {isa = PBXBuildFile; fileRef = 4C60D835205FB6C900659F85 /* Interface.storyboard */; };
		4C60D839205FB6C900659F85 /* Assets.xcassets in Resources */ = {isa = PBXBuildFile; fileRef = 4C60D838205FB6C900659F85 /* Assets.xcassets */; };
		4C60D840205FB6C900659F85 /* SpeakingTimerWatch Extension.appex in Embed App Extensions */ = {isa = PBXBuildFile; fileRef = 4C60D83F205FB6C900659F85 /* SpeakingTimerWatch Extension.appex */; settings = {ATTRIBUTES = (RemoveHeadersOnCopy, ); }; };
		4C60D847205FB6C900659F85 /* ExtensionDelegate.swift in Sources */ = {isa = PBXBuildFile; fileRef = 4C60D846205FB6C900659F85 /* ExtensionDelegate.swift */; };
		4C60D849205FB6C900659F85 /* NotificationController.swift in Sources */ = {isa = PBXBuildFile; fileRef = 4C60D848205FB6C900659F85 /* NotificationController.swift */; };
		4C60D84B205FB6C900659F85 /* Assets.xcassets in Resources */ = {isa = PBXBuildFile; fileRef = 4C60D84A205FB6C900659F85 /* Assets.xcassets */; };
		4C60D850205FB6C900659F85 /* SpeakingTimerWatch.app in Embed Watch Content */ = {isa = PBXBuildFile; fileRef = 4C60D833205FB6C900659F85 /* SpeakingTimerWatch.app */; };
		4C60D85C205FC90100659F85 /* RunningTimerViewController.swift in Sources */ = {isa = PBXBuildFile; fileRef = 4C60D85B205FC90100659F85 /* RunningTimerViewController.swift */; };
		4C60D85E205FDEB900659F85 /* StartTimerViewModel.swift in Sources */ = {isa = PBXBuildFile; fileRef = 4C60D85D205FDEB900659F85 /* StartTimerViewModel.swift */; };
		4C60D86220600FFA00659F85 /* RunningTimerViewModel.swift in Sources */ = {isa = PBXBuildFile; fileRef = 4C60D86120600FFA00659F85 /* RunningTimerViewModel.swift */; };
		4C60D88820611C5900659F85 /* alarm3.mp3 in Resources */ = {isa = PBXBuildFile; fileRef = 4C60D88520611C5800659F85 /* alarm3.mp3 */; };
		4C60D88920611C5900659F85 /* alarm3.mp3 in Resources */ = {isa = PBXBuildFile; fileRef = 4C60D88520611C5800659F85 /* alarm3.mp3 */; };
		4C60D88A20611C5900659F85 /* alarm3.mp3 in Resources */ = {isa = PBXBuildFile; fileRef = 4C60D88520611C5800659F85 /* alarm3.mp3 */; };
		4C60D88B20611C5900659F85 /* alarm2.mp3 in Resources */ = {isa = PBXBuildFile; fileRef = 4C60D88620611C5800659F85 /* alarm2.mp3 */; };
		4C60D88C20611C5900659F85 /* alarm2.mp3 in Resources */ = {isa = PBXBuildFile; fileRef = 4C60D88620611C5800659F85 /* alarm2.mp3 */; };
		4C60D88D20611C5900659F85 /* alarm2.mp3 in Resources */ = {isa = PBXBuildFile; fileRef = 4C60D88620611C5800659F85 /* alarm2.mp3 */; };
		4C60D88E20611C5900659F85 /* alarm1.mp3 in Resources */ = {isa = PBXBuildFile; fileRef = 4C60D88720611C5800659F85 /* alarm1.mp3 */; };
		4C60D88F20611C5900659F85 /* alarm1.mp3 in Resources */ = {isa = PBXBuildFile; fileRef = 4C60D88720611C5800659F85 /* alarm1.mp3 */; };
		4C60D89020611C5900659F85 /* alarm1.mp3 in Resources */ = {isa = PBXBuildFile; fileRef = 4C60D88720611C5800659F85 /* alarm1.mp3 */; };
		4CF044A42065109E0011C2A5 /* Localizable.strings in Resources */ = {isa = PBXBuildFile; fileRef = 4CF044A72065109E0011C2A5 /* Localizable.strings */; };
		4CF044A52065109E0011C2A5 /* Localizable.strings in Resources */ = {isa = PBXBuildFile; fileRef = 4CF044A72065109E0011C2A5 /* Localizable.strings */; };
		8A2C377D1FFC077B4B9427D9 /* Pods_SpeakingTimer.framework in Frameworks */ = {isa = PBXBuildFile; fileRef = 526DFE21B00A608DE4962908 /* Pods_SpeakingTimer.framework */; };
		A853FE8BDB34DE7D02DFC6E4 /* Pods_SpeakingTimerWatch_Extension.framework in Frameworks */ = {isa = PBXBuildFile; fileRef = FE995FA4B85989E782DD8C19 /* Pods_SpeakingTimerWatch_Extension.framework */; };
		D918C6F9B2608A745D38DB39 /* Pods_SpeakingTimerWatch.framework in Frameworks */ = {isa = PBXBuildFile; fileRef = 8898C9EAF9EE5FC0831B4483 /* Pods_SpeakingTimerWatch.framework */; };
		FF5175326806B37C72956275 /* Pods_SpeakingTimerUITests.framework in Frameworks */ = {isa = PBXBuildFile; fileRef = 5E32229FD2F4B0C22C7F1898 /* Pods_SpeakingTimerUITests.framework */; };
/* End PBXBuildFile section */

/* Begin PBXContainerItemProxy section */
		4C60D815205FB60300659F85 /* PBXContainerItemProxy */ = {
			isa = PBXContainerItemProxy;
			containerPortal = 4C60D7F8205FB60300659F85 /* Project object */;
			proxyType = 1;
			remoteGlobalIDString = 4C60D7FF205FB60300659F85;
			remoteInfo = SpeakingTimer;
		};
		4C60D820205FB60300659F85 /* PBXContainerItemProxy */ = {
			isa = PBXContainerItemProxy;
			containerPortal = 4C60D7F8205FB60300659F85 /* Project object */;
			proxyType = 1;
			remoteGlobalIDString = 4C60D7FF205FB60300659F85;
			remoteInfo = SpeakingTimer;
		};
		4C60D841205FB6C900659F85 /* PBXContainerItemProxy */ = {
			isa = PBXContainerItemProxy;
			containerPortal = 4C60D7F8205FB60300659F85 /* Project object */;
			proxyType = 1;
			remoteGlobalIDString = 4C60D83E205FB6C900659F85;
			remoteInfo = "SpeakingTimerWatch Extension";
		};
		4C60D84E205FB6C900659F85 /* PBXContainerItemProxy */ = {
			isa = PBXContainerItemProxy;
			containerPortal = 4C60D7F8205FB60300659F85 /* Project object */;
			proxyType = 1;
			remoteGlobalIDString = 4C60D832205FB6C900659F85;
			remoteInfo = SpeakingTimerWatch;
		};
/* End PBXContainerItemProxy section */

/* Begin PBXCopyFilesBuildPhase section */
		4C60D854205FB6C900659F85 /* Embed App Extensions */ = {
			isa = PBXCopyFilesBuildPhase;
			buildActionMask = 2147483647;
			dstPath = "";
			dstSubfolderSpec = 13;
			files = (
				4C60D840205FB6C900659F85 /* SpeakingTimerWatch Extension.appex in Embed App Extensions */,
			);
			name = "Embed App Extensions";
			runOnlyForDeploymentPostprocessing = 0;
		};
		4C60D858205FB6C900659F85 /* Embed Watch Content */ = {
			isa = PBXCopyFilesBuildPhase;
			buildActionMask = 2147483647;
			dstPath = "$(CONTENTS_FOLDER_PATH)/Watch";
			dstSubfolderSpec = 16;
			files = (
				4C60D850205FB6C900659F85 /* SpeakingTimerWatch.app in Embed Watch Content */,
			);
			name = "Embed Watch Content";
			runOnlyForDeploymentPostprocessing = 0;
		};
/* End PBXCopyFilesBuildPhase section */

/* Begin PBXFileReference section */
		04BD42245F24B713581DC41A /* Pods-SpeakingTimerTests.release.xcconfig */ = {isa = PBXFileReference; includeInIndex = 1; lastKnownFileType = text.xcconfig; name = "Pods-SpeakingTimerTests.release.xcconfig"; path = "Pods/Target Support Files/Pods-SpeakingTimerTests/Pods-SpeakingTimerTests.release.xcconfig"; sourceTree = "<group>"; };
		388316CFDD8FB6CF97A26009 /* Pods-SpeakingTimerWatch.release.xcconfig */ = {isa = PBXFileReference; includeInIndex = 1; lastKnownFileType = text.xcconfig; name = "Pods-SpeakingTimerWatch.release.xcconfig"; path = "Pods/Target Support Files/Pods-SpeakingTimerWatch/Pods-SpeakingTimerWatch.release.xcconfig"; sourceTree = "<group>"; };
		3B431673027952026CE96B87 /* Pods-SpeakingTimerTests.debug.xcconfig */ = {isa = PBXFileReference; includeInIndex = 1; lastKnownFileType = text.xcconfig; name = "Pods-SpeakingTimerTests.debug.xcconfig"; path = "Pods/Target Support Files/Pods-SpeakingTimerTests/Pods-SpeakingTimerTests.debug.xcconfig"; sourceTree = "<group>"; };
		4C30DBD72061205D00D6DB63 /* AudioHelper.swift */ = {isa = PBXFileReference; lastKnownFileType = sourcecode.swift; path = AudioHelper.swift; sourceTree = "<group>"; };
		4C30DBD92061320200D6DB63 /* AudioToolbox.framework */ = {isa = PBXFileReference; lastKnownFileType = wrapper.framework; name = AudioToolbox.framework; path = System/Library/Frameworks/AudioToolbox.framework; sourceTree = SDKROOT; };
		4C30DBDB2061320200D6DB63 /* SpeakingTimer.entitlements */ = {isa = PBXFileReference; lastKnownFileType = text.plist.entitlements; path = SpeakingTimer.entitlements; sourceTree = "<group>"; };
		4C30DBDE20613A2F00D6DB63 /* TimeConversorHelper.swift */ = {isa = PBXFileReference; lastKnownFileType = sourcecode.swift; path = TimeConversorHelper.swift; sourceTree = "<group>"; };
		4C30DBE22062604F00D6DB63 /* AVFoundation.framework */ = {isa = PBXFileReference; lastKnownFileType = wrapper.framework; name = AVFoundation.framework; path = System/Library/Frameworks/AVFoundation.framework; sourceTree = SDKROOT; };
		4C30DBE42062625900D6DB63 /* SpeechHelper.swift */ = {isa = PBXFileReference; lastKnownFileType = sourcecode.swift; path = SpeechHelper.swift; sourceTree = "<group>"; };
		4C30DBE62062C55E00D6DB63 /* BackgroundTask.swift */ = {isa = PBXFileReference; fileEncoding = 4; lastKnownFileType = sourcecode.swift; path = BackgroundTask.swift; sourceTree = "<group>"; };
		4C30DC3C2063A5C900D6DB63 /* StartTimerInterfaceController.swift */ = {isa = PBXFileReference; lastKnownFileType = sourcecode.swift; path = StartTimerInterfaceController.swift; sourceTree = "<group>"; };
		4C30DC3E2063A89C00D6DB63 /* RunningTimerInterfaceController.swift */ = {isa = PBXFileReference; lastKnownFileType = sourcecode.swift; path = RunningTimerInterfaceController.swift; sourceTree = "<group>"; };
		4C30DC482063C54D00D6DB63 /* AudioWatchHelper.swift */ = {isa = PBXFileReference; lastKnownFileType = sourcecode.swift; path = AudioWatchHelper.swift; sourceTree = "<group>"; };
		4C60D800205FB60300659F85 /* SpeakingTimer.app */ = {isa = PBXFileReference; explicitFileType = wrapper.application; includeInIndex = 0; path = SpeakingTimer.app; sourceTree = BUILT_PRODUCTS_DIR; };
		4C60D803205FB60300659F85 /* AppDelegate.swift */ = {isa = PBXFileReference; lastKnownFileType = sourcecode.swift; path = AppDelegate.swift; sourceTree = "<group>"; };
		4C60D805205FB60300659F85 /* StartTimerViewController.swift */ = {isa = PBXFileReference; lastKnownFileType = sourcecode.swift; path = StartTimerViewController.swift; sourceTree = "<group>"; };
		4C60D808205FB60300659F85 /* Base */ = {isa = PBXFileReference; lastKnownFileType = file.storyboard; name = Base; path = Base.lproj/Main.storyboard; sourceTree = "<group>"; };
		4C60D80A205FB60300659F85 /* Assets.xcassets */ = {isa = PBXFileReference; lastKnownFileType = folder.assetcatalog; path = Assets.xcassets; sourceTree = "<group>"; };
		4C60D80D205FB60300659F85 /* Base */ = {isa = PBXFileReference; lastKnownFileType = file.storyboard; name = Base; path = Base.lproj/LaunchScreen.storyboard; sourceTree = "<group>"; };
		4C60D80F205FB60300659F85 /* Info.plist */ = {isa = PBXFileReference; lastKnownFileType = text.plist.xml; path = Info.plist; sourceTree = "<group>"; };
		4C60D814205FB60300659F85 /* SpeakingTimerTests.xctest */ = {isa = PBXFileReference; explicitFileType = wrapper.cfbundle; includeInIndex = 0; path = SpeakingTimerTests.xctest; sourceTree = BUILT_PRODUCTS_DIR; };
		4C60D818205FB60300659F85 /* SpeakingTimerTests.swift */ = {isa = PBXFileReference; lastKnownFileType = sourcecode.swift; path = SpeakingTimerTests.swift; sourceTree = "<group>"; };
		4C60D81A205FB60300659F85 /* Info.plist */ = {isa = PBXFileReference; lastKnownFileType = text.plist.xml; path = Info.plist; sourceTree = "<group>"; };
		4C60D81F205FB60300659F85 /* SpeakingTimerUITests.xctest */ = {isa = PBXFileReference; explicitFileType = wrapper.cfbundle; includeInIndex = 0; path = SpeakingTimerUITests.xctest; sourceTree = BUILT_PRODUCTS_DIR; };
		4C60D823205FB60300659F85 /* SpeakingTimerUITests.swift */ = {isa = PBXFileReference; lastKnownFileType = sourcecode.swift; path = SpeakingTimerUITests.swift; sourceTree = "<group>"; };
		4C60D825205FB60400659F85 /* Info.plist */ = {isa = PBXFileReference; lastKnownFileType = text.plist.xml; path = Info.plist; sourceTree = "<group>"; };
		4C60D833205FB6C900659F85 /* SpeakingTimerWatch.app */ = {isa = PBXFileReference; explicitFileType = wrapper.application; includeInIndex = 0; path = SpeakingTimerWatch.app; sourceTree = BUILT_PRODUCTS_DIR; };
		4C60D836205FB6C900659F85 /* Base */ = {isa = PBXFileReference; lastKnownFileType = file.storyboard; name = Base; path = Base.lproj/Interface.storyboard; sourceTree = "<group>"; };
		4C60D838205FB6C900659F85 /* Assets.xcassets */ = {isa = PBXFileReference; lastKnownFileType = folder.assetcatalog; path = Assets.xcassets; sourceTree = "<group>"; };
		4C60D83A205FB6C900659F85 /* Info.plist */ = {isa = PBXFileReference; lastKnownFileType = text.plist.xml; path = Info.plist; sourceTree = "<group>"; };
		4C60D83F205FB6C900659F85 /* SpeakingTimerWatch Extension.appex */ = {isa = PBXFileReference; explicitFileType = "wrapper.app-extension"; includeInIndex = 0; path = "SpeakingTimerWatch Extension.appex"; sourceTree = BUILT_PRODUCTS_DIR; };
		4C60D846205FB6C900659F85 /* ExtensionDelegate.swift */ = {isa = PBXFileReference; lastKnownFileType = sourcecode.swift; path = ExtensionDelegate.swift; sourceTree = "<group>"; };
		4C60D848205FB6C900659F85 /* NotificationController.swift */ = {isa = PBXFileReference; lastKnownFileType = sourcecode.swift; path = NotificationController.swift; sourceTree = "<group>"; };
		4C60D84A205FB6C900659F85 /* Assets.xcassets */ = {isa = PBXFileReference; lastKnownFileType = folder.assetcatalog; path = Assets.xcassets; sourceTree = "<group>"; };
		4C60D84C205FB6C900659F85 /* Info.plist */ = {isa = PBXFileReference; lastKnownFileType = text.plist.xml; path = Info.plist; sourceTree = "<group>"; };
		4C60D84D205FB6C900659F85 /* PushNotificationPayload.apns */ = {isa = PBXFileReference; lastKnownFileType = text; path = PushNotificationPayload.apns; sourceTree = "<group>"; };
		4C60D85B205FC90100659F85 /* RunningTimerViewController.swift */ = {isa = PBXFileReference; lastKnownFileType = sourcecode.swift; path = RunningTimerViewController.swift; sourceTree = "<group>"; };
		4C60D85D205FDEB900659F85 /* StartTimerViewModel.swift */ = {isa = PBXFileReference; lastKnownFileType = sourcecode.swift; path = StartTimerViewModel.swift; sourceTree = "<group>"; };
		4C60D86120600FFA00659F85 /* RunningTimerViewModel.swift */ = {isa = PBXFileReference; lastKnownFileType = sourcecode.swift; path = RunningTimerViewModel.swift; sourceTree = "<group>"; };
		4C60D88520611C5800659F85 /* alarm3.mp3 */ = {isa = PBXFileReference; lastKnownFileType = audio.mp3; path = alarm3.mp3; sourceTree = "<group>"; };
		4C60D88620611C5800659F85 /* alarm2.mp3 */ = {isa = PBXFileReference; lastKnownFileType = audio.mp3; path = alarm2.mp3; sourceTree = "<group>"; };
		4C60D88720611C5800659F85 /* alarm1.mp3 */ = {isa = PBXFileReference; lastKnownFileType = audio.mp3; path = alarm1.mp3; sourceTree = "<group>"; };
		4CF0449920650AE80011C2A5 /* de */ = {isa = PBXFileReference; lastKnownFileType = text.plist.strings; name = de; path = de.lproj/Main.strings; sourceTree = "<group>"; };
		4CF0449A20650AE80011C2A5 /* de */ = {isa = PBXFileReference; lastKnownFileType = text.plist.strings; name = de; path = de.lproj/LaunchScreen.strings; sourceTree = "<group>"; };
		4CF0449B20650AE80011C2A5 /* de */ = {isa = PBXFileReference; lastKnownFileType = text.plist.strings; name = de; path = de.lproj/Interface.strings; sourceTree = "<group>"; };
		4CF0449D20650AFD0011C2A5 /* en */ = {isa = PBXFileReference; lastKnownFileType = text.plist.strings; name = en; path = en.lproj/Main.strings; sourceTree = "<group>"; };
		4CF0449E20650AFF0011C2A5 /* en */ = {isa = PBXFileReference; lastKnownFileType = text.plist.strings; name = en; path = en.lproj/LaunchScreen.strings; sourceTree = "<group>"; };
		4CF0449F20650AFF0011C2A5 /* en */ = {isa = PBXFileReference; lastKnownFileType = text.plist.strings; name = en; path = en.lproj/Interface.strings; sourceTree = "<group>"; };
		4CF044A62065109E0011C2A5 /* en */ = {isa = PBXFileReference; lastKnownFileType = text.plist.strings; name = en; path = en.lproj/Localizable.strings; sourceTree = "<group>"; };
		4CF044A8206510A30011C2A5 /* de */ = {isa = PBXFileReference; lastKnownFileType = text.plist.strings; name = de; path = de.lproj/Localizable.strings; sourceTree = "<group>"; };
		526DFE21B00A608DE4962908 /* Pods_SpeakingTimer.framework */ = {isa = PBXFileReference; explicitFileType = wrapper.framework; includeInIndex = 0; path = Pods_SpeakingTimer.framework; sourceTree = BUILT_PRODUCTS_DIR; };
		5CD2AE789E88A7196B57557D /* Pods-SpeakingTimer.debug.xcconfig */ = {isa = PBXFileReference; includeInIndex = 1; lastKnownFileType = text.xcconfig; name = "Pods-SpeakingTimer.debug.xcconfig"; path = "Pods/Target Support Files/Pods-SpeakingTimer/Pods-SpeakingTimer.debug.xcconfig"; sourceTree = "<group>"; };
		5E32229FD2F4B0C22C7F1898 /* Pods_SpeakingTimerUITests.framework */ = {isa = PBXFileReference; explicitFileType = wrapper.framework; includeInIndex = 0; path = Pods_SpeakingTimerUITests.framework; sourceTree = BUILT_PRODUCTS_DIR; };
		6734A65DE50E6DBD72E1230C /* Pods-SpeakingTimerWatch Extension.release.xcconfig */ = {isa = PBXFileReference; includeInIndex = 1; lastKnownFileType = text.xcconfig; name = "Pods-SpeakingTimerWatch Extension.release.xcconfig"; path = "Pods/Target Support Files/Pods-SpeakingTimerWatch Extension/Pods-SpeakingTimerWatch Extension.release.xcconfig"; sourceTree = "<group>"; };
		75175BC753DE5CEDC8AA4BC0 /* Pods-SpeakingTimerWatch.debug.xcconfig */ = {isa = PBXFileReference; includeInIndex = 1; lastKnownFileType = text.xcconfig; name = "Pods-SpeakingTimerWatch.debug.xcconfig"; path = "Pods/Target Support Files/Pods-SpeakingTimerWatch/Pods-SpeakingTimerWatch.debug.xcconfig"; sourceTree = "<group>"; };
		8898C9EAF9EE5FC0831B4483 /* Pods_SpeakingTimerWatch.framework */ = {isa = PBXFileReference; explicitFileType = wrapper.framework; includeInIndex = 0; path = Pods_SpeakingTimerWatch.framework; sourceTree = BUILT_PRODUCTS_DIR; };
		939F3CFF51553613D8D7E38B /* Pods-SpeakingTimerWatch Extension.debug.xcconfig */ = {isa = PBXFileReference; includeInIndex = 1; lastKnownFileType = text.xcconfig; name = "Pods-SpeakingTimerWatch Extension.debug.xcconfig"; path = "Pods/Target Support Files/Pods-SpeakingTimerWatch Extension/Pods-SpeakingTimerWatch Extension.debug.xcconfig"; sourceTree = "<group>"; };
		A006048AD3C3317AF175CE26 /* Pods_SpeakingTimerTests.framework */ = {isa = PBXFileReference; explicitFileType = wrapper.framework; includeInIndex = 0; path = Pods_SpeakingTimerTests.framework; sourceTree = BUILT_PRODUCTS_DIR; };
		AF5F0F16C5BAB61E8D00CE34 /* Pods-SpeakingTimer.release.xcconfig */ = {isa = PBXFileReference; includeInIndex = 1; lastKnownFileType = text.xcconfig; name = "Pods-SpeakingTimer.release.xcconfig"; path = "Pods/Target Support Files/Pods-SpeakingTimer/Pods-SpeakingTimer.release.xcconfig"; sourceTree = "<group>"; };
		BB0DF8BF7C41B297A8919B0F /* Pods-SpeakingTimerUITests.release.xcconfig */ = {isa = PBXFileReference; includeInIndex = 1; lastKnownFileType = text.xcconfig; name = "Pods-SpeakingTimerUITests.release.xcconfig"; path = "Pods/Target Support Files/Pods-SpeakingTimerUITests/Pods-SpeakingTimerUITests.release.xcconfig"; sourceTree = "<group>"; };
		D9BD341887F660411F483152 /* Pods-SpeakingTimerUITests.debug.xcconfig */ = {isa = PBXFileReference; includeInIndex = 1; lastKnownFileType = text.xcconfig; name = "Pods-SpeakingTimerUITests.debug.xcconfig"; path = "Pods/Target Support Files/Pods-SpeakingTimerUITests/Pods-SpeakingTimerUITests.debug.xcconfig"; sourceTree = "<group>"; };
		FE995FA4B85989E782DD8C19 /* Pods_SpeakingTimerWatch_Extension.framework */ = {isa = PBXFileReference; explicitFileType = wrapper.framework; includeInIndex = 0; path = Pods_SpeakingTimerWatch_Extension.framework; sourceTree = BUILT_PRODUCTS_DIR; };
/* End PBXFileReference section */

/* Begin PBXFrameworksBuildPhase section */
		4C60D7FD205FB60300659F85 /* Frameworks */ = {
			isa = PBXFrameworksBuildPhase;
			buildActionMask = 2147483647;
			files = (
				4C30DBE32062604F00D6DB63 /* AVFoundation.framework in Frameworks */,
				8A2C377D1FFC077B4B9427D9 /* Pods_SpeakingTimer.framework in Frameworks */,
				4C30DBDA2061320200D6DB63 /* AudioToolbox.framework in Frameworks */,
			);
			runOnlyForDeploymentPostprocessing = 0;
		};
		4C60D811205FB60300659F85 /* Frameworks */ = {
			isa = PBXFrameworksBuildPhase;
			buildActionMask = 2147483647;
			files = (
				113DF2E84030C33E63BED9EE /* Pods_SpeakingTimerTests.framework in Frameworks */,
			);
			runOnlyForDeploymentPostprocessing = 0;
		};
		4C60D81C205FB60300659F85 /* Frameworks */ = {
			isa = PBXFrameworksBuildPhase;
			buildActionMask = 2147483647;
			files = (
				FF5175326806B37C72956275 /* Pods_SpeakingTimerUITests.framework in Frameworks */,
			);
			runOnlyForDeploymentPostprocessing = 0;
		};
		4C60D83C205FB6C900659F85 /* Frameworks */ = {
			isa = PBXFrameworksBuildPhase;
			buildActionMask = 2147483647;
			files = (
				A853FE8BDB34DE7D02DFC6E4 /* Pods_SpeakingTimerWatch_Extension.framework in Frameworks */,
			);
			runOnlyForDeploymentPostprocessing = 0;
		};
		A5997B6C01A36DCEF039C112 /* Frameworks */ = {
			isa = PBXFrameworksBuildPhase;
			buildActionMask = 2147483647;
			files = (
				D918C6F9B2608A745D38DB39 /* Pods_SpeakingTimerWatch.framework in Frameworks */,
			);
			runOnlyForDeploymentPostprocessing = 0;
		};
/* End PBXFrameworksBuildPhase section */

/* Begin PBXGroup section */
		4C30DC402063A8A800D6DB63 /* Classes */ = {
			isa = PBXGroup;
			children = (
				4C30DC472063C52F00D6DB63 /* Helper */,
				4C30DC462063C40900D6DB63 /* Timer */,
				4C60D846205FB6C900659F85 /* ExtensionDelegate.swift */,
				4C60D848205FB6C900659F85 /* NotificationController.swift */,
			);
			path = Classes;
			sourceTree = "<group>";
		};
		4C30DC452063C3DC00D6DB63 /* Resources */ = {
			isa = PBXGroup;
			children = (
				4C60D84A205FB6C900659F85 /* Assets.xcassets */,
				4C60D84D205FB6C900659F85 /* PushNotificationPayload.apns */,
			);
			path = Resources;
			sourceTree = "<group>";
		};
		4C30DC462063C40900D6DB63 /* Timer */ = {
			isa = PBXGroup;
			children = (
				4C30DC3C2063A5C900D6DB63 /* StartTimerInterfaceController.swift */,
				4C30DC3E2063A89C00D6DB63 /* RunningTimerInterfaceController.swift */,
			);
			path = Timer;
			sourceTree = "<group>";
		};
		4C30DC472063C52F00D6DB63 /* Helper */ = {
			isa = PBXGroup;
			children = (
				4C30DC482063C54D00D6DB63 /* AudioWatchHelper.swift */,
			);
			path = Helper;
			sourceTree = "<group>";
		};
		4C30DC502063E8CD00D6DB63 /* Localization */ = {
			isa = PBXGroup;
			children = (
				4CF044A72065109E0011C2A5 /* Localizable.strings */,
			);
			path = Localization;
			sourceTree = "<group>";
		};
		4C60D7F7205FB60300659F85 = {
			isa = PBXGroup;
			children = (
				4C60D802205FB60300659F85 /* SpeakingTimer */,
				4C60D817205FB60300659F85 /* SpeakingTimerTests */,
				4C60D822205FB60300659F85 /* SpeakingTimerUITests */,
				4C60D834205FB6C900659F85 /* SpeakingTimerWatch */,
				4C60D843205FB6C900659F85 /* SpeakingTimerWatch Extension */,
				4C60D801205FB60300659F85 /* Products */,
				A72A309F211A00C8930CBEB9 /* Pods */,
				E9A25AB66AC6C63966A0A5FF /* Frameworks */,
			);
			sourceTree = "<group>";
		};
		4C60D801205FB60300659F85 /* Products */ = {
			isa = PBXGroup;
			children = (
				4C60D800205FB60300659F85 /* SpeakingTimer.app */,
				4C60D814205FB60300659F85 /* SpeakingTimerTests.xctest */,
				4C60D81F205FB60300659F85 /* SpeakingTimerUITests.xctest */,
				4C60D833205FB6C900659F85 /* SpeakingTimerWatch.app */,
				4C60D83F205FB6C900659F85 /* SpeakingTimerWatch Extension.appex */,
			);
			name = Products;
			sourceTree = "<group>";
		};
		4C60D802205FB60300659F85 /* SpeakingTimer */ = {
			isa = PBXGroup;
			children = (
				4C60D807205FB60300659F85 /* Main.storyboard */,
				4C30DBDB2061320200D6DB63 /* SpeakingTimer.entitlements */,
				4C60D85A205FBEBE00659F85 /* Classes */,
				4C60D859205FBEAD00659F85 /* Resources */,
				4C60D88420611C4500659F85 /* Sounds */,
				4C60D80F205FB60300659F85 /* Info.plist */,
				4C60D803205FB60300659F85 /* AppDelegate.swift */,
			);
			path = SpeakingTimer;
			sourceTree = "<group>";
		};
		4C60D817205FB60300659F85 /* SpeakingTimerTests */ = {
			isa = PBXGroup;
			children = (
				4C60D818205FB60300659F85 /* SpeakingTimerTests.swift */,
				4C60D81A205FB60300659F85 /* Info.plist */,
			);
			path = SpeakingTimerTests;
			sourceTree = "<group>";
		};
		4C60D822205FB60300659F85 /* SpeakingTimerUITests */ = {
			isa = PBXGroup;
			children = (
				4C60D823205FB60300659F85 /* SpeakingTimerUITests.swift */,
				4C60D825205FB60400659F85 /* Info.plist */,
			);
			path = SpeakingTimerUITests;
			sourceTree = "<group>";
		};
		4C60D834205FB6C900659F85 /* SpeakingTimerWatch */ = {
			isa = PBXGroup;
			children = (
				4C60D835205FB6C900659F85 /* Interface.storyboard */,
				4C60D838205FB6C900659F85 /* Assets.xcassets */,
				4C60D83A205FB6C900659F85 /* Info.plist */,
			);
			path = SpeakingTimerWatch;
			sourceTree = "<group>";
		};
		4C60D843205FB6C900659F85 /* SpeakingTimerWatch Extension */ = {
			isa = PBXGroup;
			children = (
				4C30DC452063C3DC00D6DB63 /* Resources */,
				4C30DC402063A8A800D6DB63 /* Classes */,
				4C60D84C205FB6C900659F85 /* Info.plist */,
			);
			path = "SpeakingTimerWatch Extension";
			sourceTree = "<group>";
		};
		4C60D859205FBEAD00659F85 /* Resources */ = {
			isa = PBXGroup;
			children = (
				4C60D80A205FB60300659F85 /* Assets.xcassets */,
				4C60D80C205FB60300659F85 /* LaunchScreen.storyboard */,
			);
			path = Resources;
			sourceTree = "<group>";
		};
		4C60D85A205FBEBE00659F85 /* Classes */ = {
			isa = PBXGroup;
			children = (
				4C30DC502063E8CD00D6DB63 /* Localization */,
				4C60D8782061074200659F85 /* Helper */,
				4C60D85F205FDEC000659F85 /* Start Timer */,
				4C60D860205FDEC800659F85 /* Running Timer */,
			);
			path = Classes;
			sourceTree = "<group>";
		};
		4C60D85F205FDEC000659F85 /* Start Timer */ = {
			isa = PBXGroup;
			children = (
				4C60D805205FB60300659F85 /* StartTimerViewController.swift */,
				4C60D85D205FDEB900659F85 /* StartTimerViewModel.swift */,
			);
			path = "Start Timer";
			sourceTree = "<group>";
		};
		4C60D860205FDEC800659F85 /* Running Timer */ = {
			isa = PBXGroup;
			children = (
				4C60D85B205FC90100659F85 /* RunningTimerViewController.swift */,
				4C60D86120600FFA00659F85 /* RunningTimerViewModel.swift */,
			);
			path = "Running Timer";
			sourceTree = "<group>";
		};
		4C60D8782061074200659F85 /* Helper */ = {
			isa = PBXGroup;
			children = (
				4C30DBD72061205D00D6DB63 /* AudioHelper.swift */,
				4C30DBDE20613A2F00D6DB63 /* TimeConversorHelper.swift */,
				4C30DBE42062625900D6DB63 /* SpeechHelper.swift */,
				4C30DBE62062C55E00D6DB63 /* BackgroundTask.swift */,
			);
			path = Helper;
			sourceTree = "<group>";
		};
		4C60D88420611C4500659F85 /* Sounds */ = {
			isa = PBXGroup;
			children = (
				4C60D88720611C5800659F85 /* alarm1.mp3 */,
				4C60D88620611C5800659F85 /* alarm2.mp3 */,
				4C60D88520611C5800659F85 /* alarm3.mp3 */,
			);
			path = Sounds;
			sourceTree = "<group>";
		};
		A72A309F211A00C8930CBEB9 /* Pods */ = {
			isa = PBXGroup;
			children = (
				5CD2AE789E88A7196B57557D /* Pods-SpeakingTimer.debug.xcconfig */,
				AF5F0F16C5BAB61E8D00CE34 /* Pods-SpeakingTimer.release.xcconfig */,
				3B431673027952026CE96B87 /* Pods-SpeakingTimerTests.debug.xcconfig */,
				04BD42245F24B713581DC41A /* Pods-SpeakingTimerTests.release.xcconfig */,
				D9BD341887F660411F483152 /* Pods-SpeakingTimerUITests.debug.xcconfig */,
				BB0DF8BF7C41B297A8919B0F /* Pods-SpeakingTimerUITests.release.xcconfig */,
				75175BC753DE5CEDC8AA4BC0 /* Pods-SpeakingTimerWatch.debug.xcconfig */,
				388316CFDD8FB6CF97A26009 /* Pods-SpeakingTimerWatch.release.xcconfig */,
				939F3CFF51553613D8D7E38B /* Pods-SpeakingTimerWatch Extension.debug.xcconfig */,
				6734A65DE50E6DBD72E1230C /* Pods-SpeakingTimerWatch Extension.release.xcconfig */,
			);
			name = Pods;
			sourceTree = "<group>";
		};
		E9A25AB66AC6C63966A0A5FF /* Frameworks */ = {
			isa = PBXGroup;
			children = (
				4C30DBE22062604F00D6DB63 /* AVFoundation.framework */,
				4C30DBD92061320200D6DB63 /* AudioToolbox.framework */,
				526DFE21B00A608DE4962908 /* Pods_SpeakingTimer.framework */,
				A006048AD3C3317AF175CE26 /* Pods_SpeakingTimerTests.framework */,
				5E32229FD2F4B0C22C7F1898 /* Pods_SpeakingTimerUITests.framework */,
				8898C9EAF9EE5FC0831B4483 /* Pods_SpeakingTimerWatch.framework */,
				FE995FA4B85989E782DD8C19 /* Pods_SpeakingTimerWatch_Extension.framework */,
			);
			name = Frameworks;
			sourceTree = "<group>";
		};
/* End PBXGroup section */

/* Begin PBXNativeTarget section */
		4C60D7FF205FB60300659F85 /* SpeakingTimer */ = {
			isa = PBXNativeTarget;
			buildConfigurationList = 4C60D828205FB60400659F85 /* Build configuration list for PBXNativeTarget "SpeakingTimer" */;
			buildPhases = (
				B75DE46409B86A34B1DA69C8 /* [CP] Check Pods Manifest.lock */,
				4C60D7FC205FB60300659F85 /* Sources */,
				4C60D7FD205FB60300659F85 /* Frameworks */,
				4C60D7FE205FB60300659F85 /* Resources */,
				4C60D858205FB6C900659F85 /* Embed Watch Content */,
				4ABA17C1A07F7B17ADCD9233 /* [CP] Embed Pods Frameworks */,
				F0591A39F2BE00371A6C4EFD /* [CP] Copy Pods Resources */,
			);
			buildRules = (
			);
			dependencies = (
				4C60D84F205FB6C900659F85 /* PBXTargetDependency */,
			);
			name = SpeakingTimer;
			productName = SpeakingTimer;
			productReference = 4C60D800205FB60300659F85 /* SpeakingTimer.app */;
			productType = "com.apple.product-type.application";
		};
		4C60D813205FB60300659F85 /* SpeakingTimerTests */ = {
			isa = PBXNativeTarget;
			buildConfigurationList = 4C60D82B205FB60400659F85 /* Build configuration list for PBXNativeTarget "SpeakingTimerTests" */;
			buildPhases = (
				10DA9594CEF81AB7CE27ADF4 /* [CP] Check Pods Manifest.lock */,
				4C60D810205FB60300659F85 /* Sources */,
				4C60D811205FB60300659F85 /* Frameworks */,
				4C60D812205FB60300659F85 /* Resources */,
				52BA8491E311CD4FE8F57767 /* [CP] Embed Pods Frameworks */,
				B62CCF3FB812B69B95903A94 /* [CP] Copy Pods Resources */,
			);
			buildRules = (
			);
			dependencies = (
				4C60D816205FB60300659F85 /* PBXTargetDependency */,
			);
			name = SpeakingTimerTests;
			productName = SpeakingTimerTests;
			productReference = 4C60D814205FB60300659F85 /* SpeakingTimerTests.xctest */;
			productType = "com.apple.product-type.bundle.unit-test";
		};
		4C60D81E205FB60300659F85 /* SpeakingTimerUITests */ = {
			isa = PBXNativeTarget;
			buildConfigurationList = 4C60D82E205FB60400659F85 /* Build configuration list for PBXNativeTarget "SpeakingTimerUITests" */;
			buildPhases = (
				80D38ABFF86676CC5B31212A /* [CP] Check Pods Manifest.lock */,
				4C60D81B205FB60300659F85 /* Sources */,
				4C60D81C205FB60300659F85 /* Frameworks */,
				4C60D81D205FB60300659F85 /* Resources */,
				F143FB1BE0B16F9CD388596A /* [CP] Embed Pods Frameworks */,
				DF1EC5CC403D6588E6D3C5F9 /* [CP] Copy Pods Resources */,
			);
			buildRules = (
			);
			dependencies = (
				4C60D821205FB60300659F85 /* PBXTargetDependency */,
			);
			name = SpeakingTimerUITests;
			productName = SpeakingTimerUITests;
			productReference = 4C60D81F205FB60300659F85 /* SpeakingTimerUITests.xctest */;
			productType = "com.apple.product-type.bundle.ui-testing";
		};
		4C60D832205FB6C900659F85 /* SpeakingTimerWatch */ = {
			isa = PBXNativeTarget;
			buildConfigurationList = 4C60D855205FB6C900659F85 /* Build configuration list for PBXNativeTarget "SpeakingTimerWatch" */;
			buildPhases = (
				87C5AE1DB302D76AD62DBE5B /* [CP] Check Pods Manifest.lock */,
				4C60D831205FB6C900659F85 /* Resources */,
				4C60D854205FB6C900659F85 /* Embed App Extensions */,
				A5997B6C01A36DCEF039C112 /* Frameworks */,
				AF0CBEF82FA00D59FDF4DEBD /* [CP] Copy Pods Resources */,
			);
			buildRules = (
			);
			dependencies = (
				4C60D842205FB6C900659F85 /* PBXTargetDependency */,
			);
			name = SpeakingTimerWatch;
			productName = SpeakingTimerWatch;
			productReference = 4C60D833205FB6C900659F85 /* SpeakingTimerWatch.app */;
			productType = "com.apple.product-type.application.watchapp2";
		};
		4C60D83E205FB6C900659F85 /* SpeakingTimerWatch Extension */ = {
			isa = PBXNativeTarget;
			buildConfigurationList = 4C60D851205FB6C900659F85 /* Build configuration list for PBXNativeTarget "SpeakingTimerWatch Extension" */;
			buildPhases = (
				ACFC70A714DBA1C74EB6A9DD /* [CP] Check Pods Manifest.lock */,
				4C60D83B205FB6C900659F85 /* Sources */,
				4C60D83C205FB6C900659F85 /* Frameworks */,
				4C60D83D205FB6C900659F85 /* Resources */,
				D2E48D5B46D9452DA7F8ECC4 /* [CP] Embed Pods Frameworks */,
				DAF9A3FBEB23E7AC8C3238FB /* [CP] Copy Pods Resources */,
			);
			buildRules = (
			);
			dependencies = (
			);
			name = "SpeakingTimerWatch Extension";
			productName = "SpeakingTimerWatch Extension";
			productReference = 4C60D83F205FB6C900659F85 /* SpeakingTimerWatch Extension.appex */;
			productType = "com.apple.product-type.watchkit2-extension";
		};
/* End PBXNativeTarget section */

/* Begin PBXProject section */
		4C60D7F8205FB60300659F85 /* Project object */ = {
			isa = PBXProject;
			attributes = {
				LastSwiftUpdateCheck = 0920;
				LastUpgradeCheck = 0920;
				ORGANIZATIONNAME = "Maria Ortega";
				TargetAttributes = {
					4C60D7FF205FB60300659F85 = {
						CreatedOnToolsVersion = 9.2;
						ProvisioningStyle = Automatic;
						SystemCapabilities = {
							com.apple.BackgroundModes = {
								enabled = 1;
							};
							com.apple.InterAppAudio = {
								enabled = 1;
							};
						};
					};
					4C60D813205FB60300659F85 = {
						CreatedOnToolsVersion = 9.2;
						ProvisioningStyle = Automatic;
						TestTargetID = 4C60D7FF205FB60300659F85;
					};
					4C60D81E205FB60300659F85 = {
						CreatedOnToolsVersion = 9.2;
						ProvisioningStyle = Automatic;
						TestTargetID = 4C60D7FF205FB60300659F85;
					};
					4C60D832205FB6C900659F85 = {
						CreatedOnToolsVersion = 9.2;
						ProvisioningStyle = Automatic;
					};
					4C60D83E205FB6C900659F85 = {
						CreatedOnToolsVersion = 9.2;
						ProvisioningStyle = Automatic;
					};
				};
			};
			buildConfigurationList = 4C60D7FB205FB60300659F85 /* Build configuration list for PBXProject "SpeakingTimer" */;
			compatibilityVersion = "Xcode 8.0";
			developmentRegion = en;
			hasScannedForEncodings = 0;
			knownRegions = (
				Base,
				de,
				en,
			);
			mainGroup = 4C60D7F7205FB60300659F85;
			productRefGroup = 4C60D801205FB60300659F85 /* Products */;
			projectDirPath = "";
			projectRoot = "";
			targets = (
				4C60D7FF205FB60300659F85 /* SpeakingTimer */,
				4C60D813205FB60300659F85 /* SpeakingTimerTests */,
				4C60D81E205FB60300659F85 /* SpeakingTimerUITests */,
				4C60D832205FB6C900659F85 /* SpeakingTimerWatch */,
				4C60D83E205FB6C900659F85 /* SpeakingTimerWatch Extension */,
			);
		};
/* End PBXProject section */

/* Begin PBXResourcesBuildPhase section */
		4C60D7FE205FB60300659F85 /* Resources */ = {
			isa = PBXResourcesBuildPhase;
			buildActionMask = 2147483647;
			files = (
				4C60D88B20611C5900659F85 /* alarm2.mp3 in Resources */,
				4C60D88820611C5900659F85 /* alarm3.mp3 in Resources */,
				4C60D80E205FB60300659F85 /* LaunchScreen.storyboard in Resources */,
				4C60D80B205FB60300659F85 /* Assets.xcassets in Resources */,
				4CF044A42065109E0011C2A5 /* Localizable.strings in Resources */,
				4C60D88E20611C5900659F85 /* alarm1.mp3 in Resources */,
				4C60D809205FB60300659F85 /* Main.storyboard in Resources */,
			);
			runOnlyForDeploymentPostprocessing = 0;
		};
		4C60D812205FB60300659F85 /* Resources */ = {
			isa = PBXResourcesBuildPhase;
			buildActionMask = 2147483647;
			files = (
			);
			runOnlyForDeploymentPostprocessing = 0;
		};
		4C60D81D205FB60300659F85 /* Resources */ = {
			isa = PBXResourcesBuildPhase;
			buildActionMask = 2147483647;
			files = (
			);
			runOnlyForDeploymentPostprocessing = 0;
		};
		4C60D831205FB6C900659F85 /* Resources */ = {
			isa = PBXResourcesBuildPhase;
			buildActionMask = 2147483647;
			files = (
				4C60D88F20611C5900659F85 /* alarm1.mp3 in Resources */,
				4C60D839205FB6C900659F85 /* Assets.xcassets in Resources */,
				4C60D837205FB6C900659F85 /* Interface.storyboard in Resources */,
				4C60D88920611C5900659F85 /* alarm3.mp3 in Resources */,
				4C60D88C20611C5900659F85 /* alarm2.mp3 in Resources */,
			);
			runOnlyForDeploymentPostprocessing = 0;
		};
		4C60D83D205FB6C900659F85 /* Resources */ = {
			isa = PBXResourcesBuildPhase;
			buildActionMask = 2147483647;
			files = (
				4CF044A52065109E0011C2A5 /* Localizable.strings in Resources */,
				4C60D88D20611C5900659F85 /* alarm2.mp3 in Resources */,
				4C60D88A20611C5900659F85 /* alarm3.mp3 in Resources */,
				4C60D89020611C5900659F85 /* alarm1.mp3 in Resources */,
				4C60D84B205FB6C900659F85 /* Assets.xcassets in Resources */,
			);
			runOnlyForDeploymentPostprocessing = 0;
		};
/* End PBXResourcesBuildPhase section */

/* Begin PBXShellScriptBuildPhase section */
		10DA9594CEF81AB7CE27ADF4 /* [CP] Check Pods Manifest.lock */ = {
			isa = PBXShellScriptBuildPhase;
			buildActionMask = 2147483647;
			files = (
			);
			inputPaths = (
				"${PODS_PODFILE_DIR_PATH}/Podfile.lock",
				"${PODS_ROOT}/Manifest.lock",
			);
			name = "[CP] Check Pods Manifest.lock";
			outputPaths = (
				"$(DERIVED_FILE_DIR)/Pods-SpeakingTimerTests-checkManifestLockResult.txt",
			);
			runOnlyForDeploymentPostprocessing = 0;
			shellPath = /bin/sh;
			shellScript = "diff \"${PODS_PODFILE_DIR_PATH}/Podfile.lock\" \"${PODS_ROOT}/Manifest.lock\" > /dev/null\nif [ $? != 0 ] ; then\n    # print error to STDERR\n    echo \"error: The sandbox is not in sync with the Podfile.lock. Run 'pod install' or update your CocoaPods installation.\" >&2\n    exit 1\nfi\n# This output is used by Xcode 'outputs' to avoid re-running this script phase.\necho \"SUCCESS\" > \"${SCRIPT_OUTPUT_FILE_0}\"\n";
			showEnvVarsInLog = 0;
		};
		4ABA17C1A07F7B17ADCD9233 /* [CP] Embed Pods Frameworks */ = {
			isa = PBXShellScriptBuildPhase;
			buildActionMask = 2147483647;
			files = (
			);
			inputPaths = (
				"${SRCROOT}/Pods/Target Support Files/Pods-SpeakingTimer/Pods-SpeakingTimer-frameworks.sh",
				"${BUILT_PRODUCTS_DIR}/Hero/Hero.framework",
				"${BUILT_PRODUCTS_DIR}/SwiftySound/SwiftySound.framework",
			);
			name = "[CP] Embed Pods Frameworks";
			outputPaths = (
				"${TARGET_BUILD_DIR}/${FRAMEWORKS_FOLDER_PATH}/Hero.framework",
				"${TARGET_BUILD_DIR}/${FRAMEWORKS_FOLDER_PATH}/SwiftySound.framework",
			);
			runOnlyForDeploymentPostprocessing = 0;
			shellPath = /bin/sh;
			shellScript = "\"${SRCROOT}/Pods/Target Support Files/Pods-SpeakingTimer/Pods-SpeakingTimer-frameworks.sh\"\n";
			showEnvVarsInLog = 0;
		};
		52BA8491E311CD4FE8F57767 /* [CP] Embed Pods Frameworks */ = {
			isa = PBXShellScriptBuildPhase;
			buildActionMask = 2147483647;
			files = (
			);
			inputPaths = (
			);
			name = "[CP] Embed Pods Frameworks";
			outputPaths = (
			);
			runOnlyForDeploymentPostprocessing = 0;
			shellPath = /bin/sh;
			shellScript = "\"${SRCROOT}/Pods/Target Support Files/Pods-SpeakingTimerTests/Pods-SpeakingTimerTests-frameworks.sh\"\n";
			showEnvVarsInLog = 0;
		};
		80D38ABFF86676CC5B31212A /* [CP] Check Pods Manifest.lock */ = {
			isa = PBXShellScriptBuildPhase;
			buildActionMask = 2147483647;
			files = (
			);
			inputPaths = (
				"${PODS_PODFILE_DIR_PATH}/Podfile.lock",
				"${PODS_ROOT}/Manifest.lock",
			);
			name = "[CP] Check Pods Manifest.lock";
			outputPaths = (
				"$(DERIVED_FILE_DIR)/Pods-SpeakingTimerUITests-checkManifestLockResult.txt",
			);
			runOnlyForDeploymentPostprocessing = 0;
			shellPath = /bin/sh;
			shellScript = "diff \"${PODS_PODFILE_DIR_PATH}/Podfile.lock\" \"${PODS_ROOT}/Manifest.lock\" > /dev/null\nif [ $? != 0 ] ; then\n    # print error to STDERR\n    echo \"error: The sandbox is not in sync with the Podfile.lock. Run 'pod install' or update your CocoaPods installation.\" >&2\n    exit 1\nfi\n# This output is used by Xcode 'outputs' to avoid re-running this script phase.\necho \"SUCCESS\" > \"${SCRIPT_OUTPUT_FILE_0}\"\n";
			showEnvVarsInLog = 0;
		};
		87C5AE1DB302D76AD62DBE5B /* [CP] Check Pods Manifest.lock */ = {
			isa = PBXShellScriptBuildPhase;
			buildActionMask = 2147483647;
			files = (
			);
			inputPaths = (
				"${PODS_PODFILE_DIR_PATH}/Podfile.lock",
				"${PODS_ROOT}/Manifest.lock",
			);
			name = "[CP] Check Pods Manifest.lock";
			outputPaths = (
				"$(DERIVED_FILE_DIR)/Pods-SpeakingTimerWatch-checkManifestLockResult.txt",
			);
			runOnlyForDeploymentPostprocessing = 0;
			shellPath = /bin/sh;
			shellScript = "diff \"${PODS_PODFILE_DIR_PATH}/Podfile.lock\" \"${PODS_ROOT}/Manifest.lock\" > /dev/null\nif [ $? != 0 ] ; then\n    # print error to STDERR\n    echo \"error: The sandbox is not in sync with the Podfile.lock. Run 'pod install' or update your CocoaPods installation.\" >&2\n    exit 1\nfi\n# This output is used by Xcode 'outputs' to avoid re-running this script phase.\necho \"SUCCESS\" > \"${SCRIPT_OUTPUT_FILE_0}\"\n";
			showEnvVarsInLog = 0;
		};
		ACFC70A714DBA1C74EB6A9DD /* [CP] Check Pods Manifest.lock */ = {
			isa = PBXShellScriptBuildPhase;
			buildActionMask = 2147483647;
			files = (
			);
			inputPaths = (
				"${PODS_PODFILE_DIR_PATH}/Podfile.lock",
				"${PODS_ROOT}/Manifest.lock",
			);
			name = "[CP] Check Pods Manifest.lock";
			outputPaths = (
				"$(DERIVED_FILE_DIR)/Pods-SpeakingTimerWatch Extension-checkManifestLockResult.txt",
			);
			runOnlyForDeploymentPostprocessing = 0;
			shellPath = /bin/sh;
			shellScript = "diff \"${PODS_PODFILE_DIR_PATH}/Podfile.lock\" \"${PODS_ROOT}/Manifest.lock\" > /dev/null\nif [ $? != 0 ] ; then\n    # print error to STDERR\n    echo \"error: The sandbox is not in sync with the Podfile.lock. Run 'pod install' or update your CocoaPods installation.\" >&2\n    exit 1\nfi\n# This output is used by Xcode 'outputs' to avoid re-running this script phase.\necho \"SUCCESS\" > \"${SCRIPT_OUTPUT_FILE_0}\"\n";
			showEnvVarsInLog = 0;
		};
		AF0CBEF82FA00D59FDF4DEBD /* [CP] Copy Pods Resources */ = {
			isa = PBXShellScriptBuildPhase;
			buildActionMask = 2147483647;
			files = (
			);
			inputPaths = (
			);
			name = "[CP] Copy Pods Resources";
			outputPaths = (
			);
			runOnlyForDeploymentPostprocessing = 0;
			shellPath = /bin/sh;
			shellScript = "\"${SRCROOT}/Pods/Target Support Files/Pods-SpeakingTimerWatch/Pods-SpeakingTimerWatch-resources.sh\"\n";
			showEnvVarsInLog = 0;
		};
		B62CCF3FB812B69B95903A94 /* [CP] Copy Pods Resources */ = {
			isa = PBXShellScriptBuildPhase;
			buildActionMask = 2147483647;
			files = (
			);
			inputPaths = (
			);
			name = "[CP] Copy Pods Resources";
			outputPaths = (
			);
			runOnlyForDeploymentPostprocessing = 0;
			shellPath = /bin/sh;
			shellScript = "\"${SRCROOT}/Pods/Target Support Files/Pods-SpeakingTimerTests/Pods-SpeakingTimerTests-resources.sh\"\n";
			showEnvVarsInLog = 0;
		};
		B75DE46409B86A34B1DA69C8 /* [CP] Check Pods Manifest.lock */ = {
			isa = PBXShellScriptBuildPhase;
			buildActionMask = 2147483647;
			files = (
			);
			inputPaths = (
				"${PODS_PODFILE_DIR_PATH}/Podfile.lock",
				"${PODS_ROOT}/Manifest.lock",
			);
			name = "[CP] Check Pods Manifest.lock";
			outputPaths = (
				"$(DERIVED_FILE_DIR)/Pods-SpeakingTimer-checkManifestLockResult.txt",
			);
			runOnlyForDeploymentPostprocessing = 0;
			shellPath = /bin/sh;
			shellScript = "diff \"${PODS_PODFILE_DIR_PATH}/Podfile.lock\" \"${PODS_ROOT}/Manifest.lock\" > /dev/null\nif [ $? != 0 ] ; then\n    # print error to STDERR\n    echo \"error: The sandbox is not in sync with the Podfile.lock. Run 'pod install' or update your CocoaPods installation.\" >&2\n    exit 1\nfi\n# This output is used by Xcode 'outputs' to avoid re-running this script phase.\necho \"SUCCESS\" > \"${SCRIPT_OUTPUT_FILE_0}\"\n";
			showEnvVarsInLog = 0;
		};
		D2E48D5B46D9452DA7F8ECC4 /* [CP] Embed Pods Frameworks */ = {
			isa = PBXShellScriptBuildPhase;
			buildActionMask = 2147483647;
			files = (
			);
			inputPaths = (
			);
			name = "[CP] Embed Pods Frameworks";
			outputPaths = (
			);
			runOnlyForDeploymentPostprocessing = 0;
			shellPath = /bin/sh;
			shellScript = "\"${SRCROOT}/Pods/Target Support Files/Pods-SpeakingTimerWatch Extension/Pods-SpeakingTimerWatch Extension-frameworks.sh\"\n";
			showEnvVarsInLog = 0;
		};
		DAF9A3FBEB23E7AC8C3238FB /* [CP] Copy Pods Resources */ = {
			isa = PBXShellScriptBuildPhase;
			buildActionMask = 2147483647;
			files = (
			);
			inputPaths = (
			);
			name = "[CP] Copy Pods Resources";
			outputPaths = (
			);
			runOnlyForDeploymentPostprocessing = 0;
			shellPath = /bin/sh;
			shellScript = "\"${SRCROOT}/Pods/Target Support Files/Pods-SpeakingTimerWatch Extension/Pods-SpeakingTimerWatch Extension-resources.sh\"\n";
			showEnvVarsInLog = 0;
		};
		DF1EC5CC403D6588E6D3C5F9 /* [CP] Copy Pods Resources */ = {
			isa = PBXShellScriptBuildPhase;
			buildActionMask = 2147483647;
			files = (
			);
			inputPaths = (
			);
			name = "[CP] Copy Pods Resources";
			outputPaths = (
			);
			runOnlyForDeploymentPostprocessing = 0;
			shellPath = /bin/sh;
			shellScript = "\"${SRCROOT}/Pods/Target Support Files/Pods-SpeakingTimerUITests/Pods-SpeakingTimerUITests-resources.sh\"\n";
			showEnvVarsInLog = 0;
		};
		F0591A39F2BE00371A6C4EFD /* [CP] Copy Pods Resources */ = {
			isa = PBXShellScriptBuildPhase;
			buildActionMask = 2147483647;
			files = (
			);
			inputPaths = (
			);
			name = "[CP] Copy Pods Resources";
			outputPaths = (
			);
			runOnlyForDeploymentPostprocessing = 0;
			shellPath = /bin/sh;
			shellScript = "\"${SRCROOT}/Pods/Target Support Files/Pods-SpeakingTimer/Pods-SpeakingTimer-resources.sh\"\n";
			showEnvVarsInLog = 0;
		};
		F143FB1BE0B16F9CD388596A /* [CP] Embed Pods Frameworks */ = {
			isa = PBXShellScriptBuildPhase;
			buildActionMask = 2147483647;
			files = (
			);
			inputPaths = (
			);
			name = "[CP] Embed Pods Frameworks";
			outputPaths = (
			);
			runOnlyForDeploymentPostprocessing = 0;
			shellPath = /bin/sh;
			shellScript = "\"${SRCROOT}/Pods/Target Support Files/Pods-SpeakingTimerUITests/Pods-SpeakingTimerUITests-frameworks.sh\"\n";
			showEnvVarsInLog = 0;
		};
/* End PBXShellScriptBuildPhase section */

/* Begin PBXSourcesBuildPhase section */
		4C60D7FC205FB60300659F85 /* Sources */ = {
			isa = PBXSourcesBuildPhase;
			buildActionMask = 2147483647;
			files = (
				4C60D806205FB60300659F85 /* StartTimerViewController.swift in Sources */,
				4C30DBD82061205D00D6DB63 /* AudioHelper.swift in Sources */,
				4C30DBE52062625900D6DB63 /* SpeechHelper.swift in Sources */,
				4C60D804205FB60300659F85 /* AppDelegate.swift in Sources */,
				4C30DBDF20613A2F00D6DB63 /* TimeConversorHelper.swift in Sources */,
				4C60D86220600FFA00659F85 /* RunningTimerViewModel.swift in Sources */,
				4C60D85C205FC90100659F85 /* RunningTimerViewController.swift in Sources */,
				4C30DBE72062C55E00D6DB63 /* BackgroundTask.swift in Sources */,
				4C60D85E205FDEB900659F85 /* StartTimerViewModel.swift in Sources */,
			);
			runOnlyForDeploymentPostprocessing = 0;
		};
		4C60D810205FB60300659F85 /* Sources */ = {
			isa = PBXSourcesBuildPhase;
			buildActionMask = 2147483647;
			files = (
				4C60D819205FB60300659F85 /* SpeakingTimerTests.swift in Sources */,
			);
			runOnlyForDeploymentPostprocessing = 0;
		};
		4C60D81B205FB60300659F85 /* Sources */ = {
			isa = PBXSourcesBuildPhase;
			buildActionMask = 2147483647;
			files = (
				4C60D824205FB60300659F85 /* SpeakingTimerUITests.swift in Sources */,
			);
			runOnlyForDeploymentPostprocessing = 0;
		};
		4C60D83B205FB6C900659F85 /* Sources */ = {
			isa = PBXSourcesBuildPhase;
			buildActionMask = 2147483647;
			files = (
				4C30DC422063B52500D6DB63 /* TimeConversorHelper.swift in Sources */,
				4C60D849205FB6C900659F85 /* NotificationController.swift in Sources */,
				4C30DC492063C54D00D6DB63 /* AudioWatchHelper.swift in Sources */,
				4C60D847205FB6C900659F85 /* ExtensionDelegate.swift in Sources */,
				4C30DC3D2063A5C900D6DB63 /* StartTimerInterfaceController.swift in Sources */,
				4C30DC412063B52000D6DB63 /* SpeechHelper.swift in Sources */,
				4C30DC3F2063A89C00D6DB63 /* RunningTimerInterfaceController.swift in Sources */,
			);
			runOnlyForDeploymentPostprocessing = 0;
		};
/* End PBXSourcesBuildPhase section */

/* Begin PBXTargetDependency section */
		4C60D816205FB60300659F85 /* PBXTargetDependency */ = {
			isa = PBXTargetDependency;
			target = 4C60D7FF205FB60300659F85 /* SpeakingTimer */;
			targetProxy = 4C60D815205FB60300659F85 /* PBXContainerItemProxy */;
		};
		4C60D821205FB60300659F85 /* PBXTargetDependency */ = {
			isa = PBXTargetDependency;
			target = 4C60D7FF205FB60300659F85 /* SpeakingTimer */;
			targetProxy = 4C60D820205FB60300659F85 /* PBXContainerItemProxy */;
		};
		4C60D842205FB6C900659F85 /* PBXTargetDependency */ = {
			isa = PBXTargetDependency;
			target = 4C60D83E205FB6C900659F85 /* SpeakingTimerWatch Extension */;
			targetProxy = 4C60D841205FB6C900659F85 /* PBXContainerItemProxy */;
		};
		4C60D84F205FB6C900659F85 /* PBXTargetDependency */ = {
			isa = PBXTargetDependency;
			target = 4C60D832205FB6C900659F85 /* SpeakingTimerWatch */;
			targetProxy = 4C60D84E205FB6C900659F85 /* PBXContainerItemProxy */;
		};
/* End PBXTargetDependency section */

/* Begin PBXVariantGroup section */
		4C60D807205FB60300659F85 /* Main.storyboard */ = {
			isa = PBXVariantGroup;
			children = (
				4C60D808205FB60300659F85 /* Base */,
				4CF0449920650AE80011C2A5 /* de */,
				4CF0449D20650AFD0011C2A5 /* en */,
			);
			name = Main.storyboard;
			sourceTree = "<group>";
		};
		4C60D80C205FB60300659F85 /* LaunchScreen.storyboard */ = {
			isa = PBXVariantGroup;
			children = (
				4C60D80D205FB60300659F85 /* Base */,
				4CF0449A20650AE80011C2A5 /* de */,
				4CF0449E20650AFF0011C2A5 /* en */,
			);
			name = LaunchScreen.storyboard;
			sourceTree = "<group>";
		};
		4C60D835205FB6C900659F85 /* Interface.storyboard */ = {
			isa = PBXVariantGroup;
			children = (
				4C60D836205FB6C900659F85 /* Base */,
				4CF0449B20650AE80011C2A5 /* de */,
				4CF0449F20650AFF0011C2A5 /* en */,
			);
			name = Interface.storyboard;
			sourceTree = "<group>";
		};
		4CF044A72065109E0011C2A5 /* Localizable.strings */ = {
			isa = PBXVariantGroup;
			children = (
				4CF044A62065109E0011C2A5 /* en */,
				4CF044A8206510A30011C2A5 /* de */,
			);
			name = Localizable.strings;
			sourceTree = "<group>";
		};
/* End PBXVariantGroup section */

/* Begin XCBuildConfiguration section */
		4C60D826205FB60400659F85 /* Debug */ = {
			isa = XCBuildConfiguration;
			buildSettings = {
				ALWAYS_SEARCH_USER_PATHS = NO;
				CLANG_ANALYZER_LOCALIZABILITY_NONLOCALIZED = YES;
				CLANG_ANALYZER_NONNULL = YES;
				CLANG_ANALYZER_NUMBER_OBJECT_CONVERSION = YES_AGGRESSIVE;
				CLANG_CXX_LANGUAGE_STANDARD = "gnu++14";
				CLANG_CXX_LIBRARY = "libc++";
				CLANG_ENABLE_MODULES = YES;
				CLANG_ENABLE_OBJC_ARC = YES;
				CLANG_WARN_BLOCK_CAPTURE_AUTORELEASING = YES;
				CLANG_WARN_BOOL_CONVERSION = YES;
				CLANG_WARN_COMMA = YES;
				CLANG_WARN_CONSTANT_CONVERSION = YES;
				CLANG_WARN_DIRECT_OBJC_ISA_USAGE = YES_ERROR;
				CLANG_WARN_DOCUMENTATION_COMMENTS = YES;
				CLANG_WARN_EMPTY_BODY = YES;
				CLANG_WARN_ENUM_CONVERSION = YES;
				CLANG_WARN_INFINITE_RECURSION = YES;
				CLANG_WARN_INT_CONVERSION = YES;
				CLANG_WARN_NON_LITERAL_NULL_CONVERSION = YES;
				CLANG_WARN_OBJC_LITERAL_CONVERSION = YES;
				CLANG_WARN_OBJC_ROOT_CLASS = YES_ERROR;
				CLANG_WARN_RANGE_LOOP_ANALYSIS = YES;
				CLANG_WARN_STRICT_PROTOTYPES = YES;
				CLANG_WARN_SUSPICIOUS_MOVE = YES;
				CLANG_WARN_UNGUARDED_AVAILABILITY = YES_AGGRESSIVE;
				CLANG_WARN_UNREACHABLE_CODE = YES;
				CLANG_WARN__DUPLICATE_METHOD_MATCH = YES;
				CODE_SIGN_IDENTITY = "iPhone Developer";
				COPY_PHASE_STRIP = NO;
				DEBUG_INFORMATION_FORMAT = dwarf;
				ENABLE_STRICT_OBJC_MSGSEND = YES;
				ENABLE_TESTABILITY = YES;
				GCC_C_LANGUAGE_STANDARD = gnu11;
				GCC_DYNAMIC_NO_PIC = NO;
				GCC_NO_COMMON_BLOCKS = YES;
				GCC_OPTIMIZATION_LEVEL = 0;
				GCC_PREPROCESSOR_DEFINITIONS = (
					"DEBUG=1",
					"$(inherited)",
				);
				GCC_WARN_64_TO_32_BIT_CONVERSION = YES;
				GCC_WARN_ABOUT_RETURN_TYPE = YES_ERROR;
				GCC_WARN_UNDECLARED_SELECTOR = YES;
				GCC_WARN_UNINITIALIZED_AUTOS = YES_AGGRESSIVE;
				GCC_WARN_UNUSED_FUNCTION = YES;
				GCC_WARN_UNUSED_VARIABLE = YES;
				IPHONEOS_DEPLOYMENT_TARGET = 11.2;
				MTL_ENABLE_DEBUG_INFO = YES;
				ONLY_ACTIVE_ARCH = YES;
				SDKROOT = iphoneos;
				SWIFT_ACTIVE_COMPILATION_CONDITIONS = DEBUG;
				SWIFT_OPTIMIZATION_LEVEL = "-Onone";
			};
			name = Debug;
		};
		4C60D827205FB60400659F85 /* Release */ = {
			isa = XCBuildConfiguration;
			buildSettings = {
				ALWAYS_SEARCH_USER_PATHS = NO;
				CLANG_ANALYZER_LOCALIZABILITY_NONLOCALIZED = YES;
				CLANG_ANALYZER_NONNULL = YES;
				CLANG_ANALYZER_NUMBER_OBJECT_CONVERSION = YES_AGGRESSIVE;
				CLANG_CXX_LANGUAGE_STANDARD = "gnu++14";
				CLANG_CXX_LIBRARY = "libc++";
				CLANG_ENABLE_MODULES = YES;
				CLANG_ENABLE_OBJC_ARC = YES;
				CLANG_WARN_BLOCK_CAPTURE_AUTORELEASING = YES;
				CLANG_WARN_BOOL_CONVERSION = YES;
				CLANG_WARN_COMMA = YES;
				CLANG_WARN_CONSTANT_CONVERSION = YES;
				CLANG_WARN_DIRECT_OBJC_ISA_USAGE = YES_ERROR;
				CLANG_WARN_DOCUMENTATION_COMMENTS = YES;
				CLANG_WARN_EMPTY_BODY = YES;
				CLANG_WARN_ENUM_CONVERSION = YES;
				CLANG_WARN_INFINITE_RECURSION = YES;
				CLANG_WARN_INT_CONVERSION = YES;
				CLANG_WARN_NON_LITERAL_NULL_CONVERSION = YES;
				CLANG_WARN_OBJC_LITERAL_CONVERSION = YES;
				CLANG_WARN_OBJC_ROOT_CLASS = YES_ERROR;
				CLANG_WARN_RANGE_LOOP_ANALYSIS = YES;
				CLANG_WARN_STRICT_PROTOTYPES = YES;
				CLANG_WARN_SUSPICIOUS_MOVE = YES;
				CLANG_WARN_UNGUARDED_AVAILABILITY = YES_AGGRESSIVE;
				CLANG_WARN_UNREACHABLE_CODE = YES;
				CLANG_WARN__DUPLICATE_METHOD_MATCH = YES;
				CODE_SIGN_IDENTITY = "iPhone Developer";
				COPY_PHASE_STRIP = NO;
				DEBUG_INFORMATION_FORMAT = "dwarf-with-dsym";
				ENABLE_NS_ASSERTIONS = NO;
				ENABLE_STRICT_OBJC_MSGSEND = YES;
				GCC_C_LANGUAGE_STANDARD = gnu11;
				GCC_NO_COMMON_BLOCKS = YES;
				GCC_WARN_64_TO_32_BIT_CONVERSION = YES;
				GCC_WARN_ABOUT_RETURN_TYPE = YES_ERROR;
				GCC_WARN_UNDECLARED_SELECTOR = YES;
				GCC_WARN_UNINITIALIZED_AUTOS = YES_AGGRESSIVE;
				GCC_WARN_UNUSED_FUNCTION = YES;
				GCC_WARN_UNUSED_VARIABLE = YES;
				IPHONEOS_DEPLOYMENT_TARGET = 11.2;
				MTL_ENABLE_DEBUG_INFO = NO;
				SDKROOT = iphoneos;
				SWIFT_OPTIMIZATION_LEVEL = "-Owholemodule";
				VALIDATE_PRODUCT = YES;
			};
			name = Release;
		};
		4C60D829205FB60400659F85 /* Debug */ = {
			isa = XCBuildConfiguration;
			baseConfigurationReference = 5CD2AE789E88A7196B57557D /* Pods-SpeakingTimer.debug.xcconfig */;
			buildSettings = {
				ASSETCATALOG_COMPILER_APPICON_NAME = AppIcon;
				CODE_SIGN_ENTITLEMENTS = SpeakingTimer/SpeakingTimer.entitlements;
				CODE_SIGN_STYLE = Automatic;
				DEVELOPMENT_TEAM = 4K6JDXN8TD;
				INFOPLIST_FILE = SpeakingTimer/Info.plist;
				LD_RUNPATH_SEARCH_PATHS = "$(inherited) @executable_path/Frameworks";
				PRODUCT_BUNDLE_IDENTIFIER = kobinary.SpeakingTimer;
				PRODUCT_NAME = "$(TARGET_NAME)";
				SWIFT_VERSION = 4.0;
				TARGETED_DEVICE_FAMILY = "1,2";
			};
			name = Debug;
		};
		4C60D82A205FB60400659F85 /* Release */ = {
			isa = XCBuildConfiguration;
			baseConfigurationReference = AF5F0F16C5BAB61E8D00CE34 /* Pods-SpeakingTimer.release.xcconfig */;
			buildSettings = {
				ASSETCATALOG_COMPILER_APPICON_NAME = AppIcon;
				CODE_SIGN_ENTITLEMENTS = SpeakingTimer/SpeakingTimer.entitlements;
				CODE_SIGN_STYLE = Automatic;
				DEVELOPMENT_TEAM = 4K6JDXN8TD;
				INFOPLIST_FILE = SpeakingTimer/Info.plist;
				LD_RUNPATH_SEARCH_PATHS = "$(inherited) @executable_path/Frameworks";
				PRODUCT_BUNDLE_IDENTIFIER = kobinary.SpeakingTimer;
				PRODUCT_NAME = "$(TARGET_NAME)";
				SWIFT_VERSION = 4.0;
				TARGETED_DEVICE_FAMILY = "1,2";
			};
			name = Release;
		};
		4C60D82C205FB60400659F85 /* Debug */ = {
			isa = XCBuildConfiguration;
			baseConfigurationReference = 3B431673027952026CE96B87 /* Pods-SpeakingTimerTests.debug.xcconfig */;
			buildSettings = {
				ALWAYS_EMBED_SWIFT_STANDARD_LIBRARIES = YES;
				BUNDLE_LOADER = "$(TEST_HOST)";
				CODE_SIGN_STYLE = Automatic;
				DEVELOPMENT_TEAM = 4K6JDXN8TD;
				INFOPLIST_FILE = SpeakingTimerTests/Info.plist;
				LD_RUNPATH_SEARCH_PATHS = "$(inherited) @executable_path/Frameworks @loader_path/Frameworks";
				PRODUCT_BUNDLE_IDENTIFIER = kobinary.SpeakingTimerTests;
				PRODUCT_NAME = "$(TARGET_NAME)";
				SWIFT_VERSION = 4.0;
				TARGETED_DEVICE_FAMILY = "1,2";
				TEST_HOST = "$(BUILT_PRODUCTS_DIR)/SpeakingTimer.app/SpeakingTimer";
			};
			name = Debug;
		};
		4C60D82D205FB60400659F85 /* Release */ = {
			isa = XCBuildConfiguration;
			baseConfigurationReference = 04BD42245F24B713581DC41A /* Pods-SpeakingTimerTests.release.xcconfig */;
			buildSettings = {
				ALWAYS_EMBED_SWIFT_STANDARD_LIBRARIES = YES;
				BUNDLE_LOADER = "$(TEST_HOST)";
				CODE_SIGN_STYLE = Automatic;
				DEVELOPMENT_TEAM = 4K6JDXN8TD;
				INFOPLIST_FILE = SpeakingTimerTests/Info.plist;
				LD_RUNPATH_SEARCH_PATHS = "$(inherited) @executable_path/Frameworks @loader_path/Frameworks";
				PRODUCT_BUNDLE_IDENTIFIER = kobinary.SpeakingTimerTests;
				PRODUCT_NAME = "$(TARGET_NAME)";
				SWIFT_VERSION = 4.0;
				TARGETED_DEVICE_FAMILY = "1,2";
				TEST_HOST = "$(BUILT_PRODUCTS_DIR)/SpeakingTimer.app/SpeakingTimer";
			};
			name = Release;
		};
		4C60D82F205FB60400659F85 /* Debug */ = {
			isa = XCBuildConfiguration;
			baseConfigurationReference = D9BD341887F660411F483152 /* Pods-SpeakingTimerUITests.debug.xcconfig */;
			buildSettings = {
				ALWAYS_EMBED_SWIFT_STANDARD_LIBRARIES = YES;
				CODE_SIGN_STYLE = Automatic;
				DEVELOPMENT_TEAM = 4K6JDXN8TD;
				INFOPLIST_FILE = SpeakingTimerUITests/Info.plist;
				LD_RUNPATH_SEARCH_PATHS = "$(inherited) @executable_path/Frameworks @loader_path/Frameworks";
				PRODUCT_BUNDLE_IDENTIFIER = kobinary.SpeakingTimerUITests;
				PRODUCT_NAME = "$(TARGET_NAME)";
				SWIFT_VERSION = 4.0;
				TARGETED_DEVICE_FAMILY = "1,2";
				TEST_TARGET_NAME = SpeakingTimer;
			};
			name = Debug;
		};
		4C60D830205FB60400659F85 /* Release */ = {
			isa = XCBuildConfiguration;
			baseConfigurationReference = BB0DF8BF7C41B297A8919B0F /* Pods-SpeakingTimerUITests.release.xcconfig */;
			buildSettings = {
				ALWAYS_EMBED_SWIFT_STANDARD_LIBRARIES = YES;
				CODE_SIGN_STYLE = Automatic;
				DEVELOPMENT_TEAM = 4K6JDXN8TD;
				INFOPLIST_FILE = SpeakingTimerUITests/Info.plist;
				LD_RUNPATH_SEARCH_PATHS = "$(inherited) @executable_path/Frameworks @loader_path/Frameworks";
				PRODUCT_BUNDLE_IDENTIFIER = kobinary.SpeakingTimerUITests;
				PRODUCT_NAME = "$(TARGET_NAME)";
				SWIFT_VERSION = 4.0;
				TARGETED_DEVICE_FAMILY = "1,2";
				TEST_TARGET_NAME = SpeakingTimer;
			};
			name = Release;
		};
		4C60D852205FB6C900659F85 /* Debug */ = {
			isa = XCBuildConfiguration;
			baseConfigurationReference = 939F3CFF51553613D8D7E38B /* Pods-SpeakingTimerWatch Extension.debug.xcconfig */;
			buildSettings = {
				ASSETCATALOG_COMPILER_COMPLICATION_NAME = Complication;
				CODE_SIGN_STYLE = Automatic;
				DEVELOPMENT_TEAM = 4K6JDXN8TD;
				INFOPLIST_FILE = "SpeakingTimerWatch Extension/Info.plist";
				LD_RUNPATH_SEARCH_PATHS = "$(inherited) @executable_path/Frameworks @executable_path/../../Frameworks";
				PRODUCT_BUNDLE_IDENTIFIER = kobinary.SpeakingTimer.watchkitapp.watchkitextension;
				PRODUCT_NAME = "${TARGET_NAME}";
				SDKROOT = watchos;
				SKIP_INSTALL = YES;
				SWIFT_VERSION = 4.0;
				TARGETED_DEVICE_FAMILY = 4;
				WATCHOS_DEPLOYMENT_TARGET = 4.2;
			};
			name = Debug;
		};
		4C60D853205FB6C900659F85 /* Release */ = {
			isa = XCBuildConfiguration;
			baseConfigurationReference = 6734A65DE50E6DBD72E1230C /* Pods-SpeakingTimerWatch Extension.release.xcconfig */;
			buildSettings = {
				ASSETCATALOG_COMPILER_COMPLICATION_NAME = Complication;
				CODE_SIGN_STYLE = Automatic;
				DEVELOPMENT_TEAM = 4K6JDXN8TD;
				INFOPLIST_FILE = "SpeakingTimerWatch Extension/Info.plist";
				LD_RUNPATH_SEARCH_PATHS = "$(inherited) @executable_path/Frameworks @executable_path/../../Frameworks";
				PRODUCT_BUNDLE_IDENTIFIER = kobinary.SpeakingTimer.watchkitapp.watchkitextension;
				PRODUCT_NAME = "${TARGET_NAME}";
				SDKROOT = watchos;
				SKIP_INSTALL = YES;
				SWIFT_VERSION = 4.0;
				TARGETED_DEVICE_FAMILY = 4;
				WATCHOS_DEPLOYMENT_TARGET = 4.2;
			};
			name = Release;
		};
		4C60D856205FB6C900659F85 /* Debug */ = {
			isa = XCBuildConfiguration;
			baseConfigurationReference = 75175BC753DE5CEDC8AA4BC0 /* Pods-SpeakingTimerWatch.debug.xcconfig */;
			buildSettings = {
				ALWAYS_EMBED_SWIFT_STANDARD_LIBRARIES = YES;
				ASSETCATALOG_COMPILER_APPICON_NAME = AppIcon;
				CODE_SIGN_STYLE = Automatic;
				DEVELOPMENT_TEAM = 4K6JDXN8TD;
				IBSC_MODULE = SpeakingTimerWatch_Extension;
				INFOPLIST_FILE = SpeakingTimerWatch/Info.plist;
				PRODUCT_BUNDLE_IDENTIFIER = kobinary.SpeakingTimer.watchkitapp;
				PRODUCT_NAME = "$(TARGET_NAME)";
				SDKROOT = watchos;
				SKIP_INSTALL = YES;
				SWIFT_VERSION = 4.0;
				TARGETED_DEVICE_FAMILY = 4;
				WATCHOS_DEPLOYMENT_TARGET = 4.2;
			};
			name = Debug;
		};
		4C60D857205FB6C900659F85 /* Release */ = {
			isa = XCBuildConfiguration;
			baseConfigurationReference = 388316CFDD8FB6CF97A26009 /* Pods-SpeakingTimerWatch.release.xcconfig */;
			buildSettings = {
				ALWAYS_EMBED_SWIFT_STANDARD_LIBRARIES = YES;
				ASSETCATALOG_COMPILER_APPICON_NAME = AppIcon;
				CODE_SIGN_STYLE = Automatic;
				DEVELOPMENT_TEAM = 4K6JDXN8TD;
				IBSC_MODULE = SpeakingTimerWatch_Extension;
				INFOPLIST_FILE = SpeakingTimerWatch/Info.plist;
				PRODUCT_BUNDLE_IDENTIFIER = kobinary.SpeakingTimer.watchkitapp;
				PRODUCT_NAME = "$(TARGET_NAME)";
				SDKROOT = watchos;
				SKIP_INSTALL = YES;
				SWIFT_VERSION = 4.0;
				TARGETED_DEVICE_FAMILY = 4;
				WATCHOS_DEPLOYMENT_TARGET = 4.2;
			};
			name = Release;
		};
/* End XCBuildConfiguration section */

/* Begin XCConfigurationList section */
		4C60D7FB205FB60300659F85 /* Build configuration list for PBXProject "SpeakingTimer" */ = {
			isa = XCConfigurationList;
			buildConfigurations = (
				4C60D826205FB60400659F85 /* Debug */,
				4C60D827205FB60400659F85 /* Release */,
			);
			defaultConfigurationIsVisible = 0;
			defaultConfigurationName = Release;
		};
		4C60D828205FB60400659F85 /* Build configuration list for PBXNativeTarget "SpeakingTimer" */ = {
			isa = XCConfigurationList;
			buildConfigurations = (
				4C60D829205FB60400659F85 /* Debug */,
				4C60D82A205FB60400659F85 /* Release */,
			);
			defaultConfigurationIsVisible = 0;
			defaultConfigurationName = Release;
		};
		4C60D82B205FB60400659F85 /* Build configuration list for PBXNativeTarget "SpeakingTimerTests" */ = {
			isa = XCConfigurationList;
			buildConfigurations = (
				4C60D82C205FB60400659F85 /* Debug */,
				4C60D82D205FB60400659F85 /* Release */,
			);
			defaultConfigurationIsVisible = 0;
			defaultConfigurationName = Release;
		};
		4C60D82E205FB60400659F85 /* Build configuration list for PBXNativeTarget "SpeakingTimerUITests" */ = {
			isa = XCConfigurationList;
			buildConfigurations = (
				4C60D82F205FB60400659F85 /* Debug */,
				4C60D830205FB60400659F85 /* Release */,
			);
			defaultConfigurationIsVisible = 0;
			defaultConfigurationName = Release;
		};
		4C60D851205FB6C900659F85 /* Build configuration list for PBXNativeTarget "SpeakingTimerWatch Extension" */ = {
			isa = XCConfigurationList;
			buildConfigurations = (
				4C60D852205FB6C900659F85 /* Debug */,
				4C60D853205FB6C900659F85 /* Release */,
			);
			defaultConfigurationIsVisible = 0;
			defaultConfigurationName = Release;
		};
		4C60D855205FB6C900659F85 /* Build configuration list for PBXNativeTarget "SpeakingTimerWatch" */ = {
			isa = XCConfigurationList;
			buildConfigurations = (
				4C60D856205FB6C900659F85 /* Debug */,
				4C60D857205FB6C900659F85 /* Release */,
			);
			defaultConfigurationIsVisible = 0;
			defaultConfigurationName = Release;
		};
/* End XCConfigurationList section */
	};
	rootObject = 4C60D7F8205FB60300659F85 /* Project object */;
}
